// !$*UTF8*$!
{
	archiveVersion = 1;
	classes = {
	};
	objectVersion = 46;
	objects = {

/* Begin PBXBuildFile section */
		18278E4F19490197004F7561 /* RegisterViewController.m in Sources */ = {isa = PBXBuildFile; fileRef = 18278E4D19490197004F7561 /* RegisterViewController.m */; };
		18278E5019490197004F7561 /* RegisterViewController.xib in Resources */ = {isa = PBXBuildFile; fileRef = 18278E4E19490197004F7561 /* RegisterViewController.xib */; };
		18278E5419491E8F004F7561 /* UploadViewController.m in Sources */ = {isa = PBXBuildFile; fileRef = 18278E5219491E8F004F7561 /* UploadViewController.m */; };
		18278E5519491E8F004F7561 /* UploadViewController.xib in Resources */ = {isa = PBXBuildFile; fileRef = 18278E5319491E8F004F7561 /* UploadViewController.xib */; };
		183A0A87194A886D001C819F /* SelectRoleViewController.m in Sources */ = {isa = PBXBuildFile; fileRef = 183A0A85194A886D001C819F /* SelectRoleViewController.m */; };
		183A0A88194A886D001C819F /* SelectRoleViewController.xib in Resources */ = {isa = PBXBuildFile; fileRef = 183A0A86194A886D001C819F /* SelectRoleViewController.xib */; };
		183A0A8C194A974B001C819F /* LoginViewController.m in Sources */ = {isa = PBXBuildFile; fileRef = 183A0A8A194A974B001C819F /* LoginViewController.m */; };
		183A0A8D194A974B001C819F /* LoginViewController.xib in Resources */ = {isa = PBXBuildFile; fileRef = 183A0A8B194A974B001C819F /* LoginViewController.xib */; };
		183A0A93194AA1C7001C819F /* AllOrderListViewController.m in Sources */ = {isa = PBXBuildFile; fileRef = 183A0A91194AA1C7001C819F /* AllOrderListViewController.m */; };
		183A0A94194AA1C7001C819F /* AllOrderListViewController.xib in Resources */ = {isa = PBXBuildFile; fileRef = 183A0A92194AA1C7001C819F /* AllOrderListViewController.xib */; };
		183A0A98194AA1D4001C819F /* OrderingListViewController.m in Sources */ = {isa = PBXBuildFile; fileRef = 183A0A96194AA1D4001C819F /* OrderingListViewController.m */; };
		183A0A99194AA1D4001C819F /* OrderingListViewController.xib in Resources */ = {isa = PBXBuildFile; fileRef = 183A0A97194AA1D4001C819F /* OrderingListViewController.xib */; };
		183F667619302C3600CF8177 /* DBObject.m in Sources */ = {isa = PBXBuildFile; fileRef = 183F667519302C3600CF8177 /* DBObject.m */; };
		183F667A1930400800CF8177 /* DBDetailViewController.m in Sources */ = {isa = PBXBuildFile; fileRef = 183F66781930400800CF8177 /* DBDetailViewController.m */; };
		183F667B1930400800CF8177 /* DBDetailViewController.xib in Resources */ = {isa = PBXBuildFile; fileRef = 183F66791930400800CF8177 /* DBDetailViewController.xib */; };
		1858EF21192C478400BE9714 /* DBViewController.m in Sources */ = {isa = PBXBuildFile; fileRef = 1858EF1F192C478400BE9714 /* DBViewController.m */; };
		1858EF22192C478400BE9714 /* DBViewController.xib in Resources */ = {isa = PBXBuildFile; fileRef = 1858EF20192C478400BE9714 /* DBViewController.xib */; };
		1858EF27192C799400BE9714 /* DBCell.m in Sources */ = {isa = PBXBuildFile; fileRef = 1858EF25192C799400BE9714 /* DBCell.m */; };
		1858EF28192C799400BE9714 /* DBCell.xib in Resources */ = {isa = PBXBuildFile; fileRef = 1858EF26192C799400BE9714 /* DBCell.xib */; };
		1894C16D18AA1DD400A2380A /* LZService.m in Sources */ = {isa = PBXBuildFile; fileRef = 1894C16C18AA1DD400A2380A /* LZService.m */; };
		1894C17018AB105200A2380A /* PcSearchCell.m in Sources */ = {isa = PBXBuildFile; fileRef = 1894C16F18AB105200A2380A /* PcSearchCell.m */; };
		1894C17218AB108B00A2380A /* PcSearchCell.xib in Resources */ = {isa = PBXBuildFile; fileRef = 1894C17118AB108B00A2380A /* PcSearchCell.xib */; };
		1894C19118AB502B00A2380A /* .gitignore in Resources */ = {isa = PBXBuildFile; fileRef = 1894C17518AB502B00A2380A /* .gitignore */; };
		1894C19218AB502B00A2380A /* CLLocation+NSDictionary.m in Sources */ = {isa = PBXBuildFile; fileRef = 1894C17718AB502B00A2380A /* CLLocation+NSDictionary.m */; };
		1894C19318AB502B00A2380A /* CLLocation+NSString.m in Sources */ = {isa = PBXBuildFile; fileRef = 1894C17918AB502B00A2380A /* CLLocation+NSString.m */; };
		1894C19418AB502B00A2380A /* MBProgressHUD+Appearance.m in Sources */ = {isa = PBXBuildFile; fileRef = 1894C17B18AB502B00A2380A /* MBProgressHUD+Appearance.m */; };
		1894C19518AB502B00A2380A /* NSNumber+PrintableMeasurement.m in Sources */ = {isa = PBXBuildFile; fileRef = 1894C17D18AB502B00A2380A /* NSNumber+PrintableMeasurement.m */; };
		1894C19618AB502B00A2380A /* NSString+BundleExtensions.m in Sources */ = {isa = PBXBuildFile; fileRef = 1894C17F18AB502B00A2380A /* NSString+BundleExtensions.m */; };
		1894C19718AB502B00A2380A /* NSString+ZBUtilites.m in Sources */ = {isa = PBXBuildFile; fileRef = 1894C18118AB502B00A2380A /* NSString+ZBUtilites.m */; };
		1894C19818AB502B00A2380A /* README.md in Resources */ = {isa = PBXBuildFile; fileRef = 1894C18218AB502B00A2380A /* README.md */; };
		1894C19918AB502B00A2380A /* UIColor+Hex.m in Sources */ = {isa = PBXBuildFile; fileRef = 1894C18418AB502B00A2380A /* UIColor+Hex.m */; };
		1894C19A18AB502B00A2380A /* UIColor+Random.m in Sources */ = {isa = PBXBuildFile; fileRef = 1894C18618AB502B00A2380A /* UIColor+Random.m */; };
		1894C19B18AB502B00A2380A /* UIDevice+ZBUtilites.m in Sources */ = {isa = PBXBuildFile; fileRef = 1894C18818AB502B00A2380A /* UIDevice+ZBUtilites.m */; };
		1894C19C18AB502B00A2380A /* UIViewController+HUD.m in Sources */ = {isa = PBXBuildFile; fileRef = 1894C18A18AB502B00A2380A /* UIViewController+HUD.m */; };
		1894C19D18AB502B00A2380A /* UIViewController+ZBUtilites.m in Sources */ = {isa = PBXBuildFile; fileRef = 1894C18C18AB502B00A2380A /* UIViewController+ZBUtilites.m */; };
		1894C19E18AB502B00A2380A /* ZBTextValidate.m in Sources */ = {isa = PBXBuildFile; fileRef = 1894C18E18AB502B00A2380A /* ZBTextValidate.m */; };
		1894C19F18AB502B00A2380A /* ZBViewController.m in Sources */ = {isa = PBXBuildFile; fileRef = 1894C19018AB502B00A2380A /* ZBViewController.m */; };
		1894C1A218AB522800A2380A /* AppDelegate+Appearance.m in Sources */ = {isa = PBXBuildFile; fileRef = 1894C1A118AB522800A2380A /* AppDelegate+Appearance.m */; };
		18B659A318B1FDFD00193D85 /* PCObject.m in Sources */ = {isa = PBXBuildFile; fileRef = 18B659A218B1FDFD00193D85 /* PCObject.m */; };
		18D4C91318A5E0E800BFA2EE /* Foundation.framework in Frameworks */ = {isa = PBXBuildFile; fileRef = 18D4C91218A5E0E800BFA2EE /* Foundation.framework */; };
		18D4C91518A5E0E800BFA2EE /* CoreGraphics.framework in Frameworks */ = {isa = PBXBuildFile; fileRef = 18D4C91418A5E0E800BFA2EE /* CoreGraphics.framework */; };
		18D4C91718A5E0E800BFA2EE /* UIKit.framework in Frameworks */ = {isa = PBXBuildFile; fileRef = 18D4C91618A5E0E800BFA2EE /* UIKit.framework */; };
		18D4C91D18A5E0E800BFA2EE /* InfoPlist.strings in Resources */ = {isa = PBXBuildFile; fileRef = 18D4C91B18A5E0E800BFA2EE /* InfoPlist.strings */; };
		18D4C91F18A5E0E800BFA2EE /* main.m in Sources */ = {isa = PBXBuildFile; fileRef = 18D4C91E18A5E0E800BFA2EE /* main.m */; };
		18D4C92318A5E0E800BFA2EE /* AppDelegate.m in Sources */ = {isa = PBXBuildFile; fileRef = 18D4C92218A5E0E800BFA2EE /* AppDelegate.m */; };
		18D4C92518A5E0E800BFA2EE /* Images.xcassets in Resources */ = {isa = PBXBuildFile; fileRef = 18D4C92418A5E0E800BFA2EE /* Images.xcassets */; };
		18D4C92C18A5E0E800BFA2EE /* XCTest.framework in Frameworks */ = {isa = PBXBuildFile; fileRef = 18D4C92B18A5E0E800BFA2EE /* XCTest.framework */; };
		18D4C92D18A5E0E800BFA2EE /* Foundation.framework in Frameworks */ = {isa = PBXBuildFile; fileRef = 18D4C91218A5E0E800BFA2EE /* Foundation.framework */; };
		18D4C92E18A5E0E800BFA2EE /* UIKit.framework in Frameworks */ = {isa = PBXBuildFile; fileRef = 18D4C91618A5E0E800BFA2EE /* UIKit.framework */; };
		18D4C93618A5E0E800BFA2EE /* InfoPlist.strings in Resources */ = {isa = PBXBuildFile; fileRef = 18D4C93418A5E0E800BFA2EE /* InfoPlist.strings */; };
		18D4C93818A5E0E800BFA2EE /* LeZaiTests.m in Sources */ = {isa = PBXBuildFile; fileRef = 18D4C93718A5E0E800BFA2EE /* LeZaiTests.m */; };
		18D4C94518A5FB2400BFA2EE /* OrderViewController.m in Sources */ = {isa = PBXBuildFile; fileRef = 18D4C94318A5FB2400BFA2EE /* OrderViewController.m */; };
		18D4C94618A5FB2400BFA2EE /* OrderViewController.xib in Resources */ = {isa = PBXBuildFile; fileRef = 18D4C94418A5FB2400BFA2EE /* OrderViewController.xib */; };
		18D4C94A18A5FB3F00BFA2EE /* CarpoolingViewController.m in Sources */ = {isa = PBXBuildFile; fileRef = 18D4C94818A5FB3F00BFA2EE /* CarpoolingViewController.m */; };
		18D4C94B18A5FB3F00BFA2EE /* CarpoolingViewController.xib in Resources */ = {isa = PBXBuildFile; fileRef = 18D4C94918A5FB3F00BFA2EE /* CarpoolingViewController.xib */; };
		18D4C94F18A60F5100BFA2EE /* ResultViewController.m in Sources */ = {isa = PBXBuildFile; fileRef = 18D4C94D18A60F5100BFA2EE /* ResultViewController.m */; };
		18D4C95018A60F5100BFA2EE /* ResultViewController.xib in Resources */ = {isa = PBXBuildFile; fileRef = 18D4C94E18A60F5100BFA2EE /* ResultViewController.xib */; };
		18EE519419342369004D333D /* PushConfig.plist in Resources */ = {isa = PBXBuildFile; fileRef = 18EE519319342369004D333D /* PushConfig.plist */; };
		18EE519619342B86004D333D /* CFNetwork.framework in Frameworks */ = {isa = PBXBuildFile; fileRef = 18EE519519342B86004D333D /* CFNetwork.framework */; };
		18EE519819342B94004D333D /* CoreFoundation.framework in Frameworks */ = {isa = PBXBuildFile; fileRef = 18EE519719342B94004D333D /* CoreFoundation.framework */; };
		18EE519A19342B9C004D333D /* SystemConfiguration.framework in Frameworks */ = {isa = PBXBuildFile; fileRef = 18EE519919342B9C004D333D /* SystemConfiguration.framework */; };
		18EE519C19342BA8004D333D /* Security.framework in Frameworks */ = {isa = PBXBuildFile; fileRef = 18EE519B19342BA8004D333D /* Security.framework */; };
		18EE519E19342BB1004D333D /* libz.dylib in Frameworks */ = {isa = PBXBuildFile; fileRef = 18EE519D19342BB1004D333D /* libz.dylib */; };
		18FADF72192DD44100B8BDBE /* libPushSDK.a in Frameworks */ = {isa = PBXBuildFile; fileRef = 18FADF71192DD44000B8BDBE /* libPushSDK.a */; };
		18FADF76192DD46C00B8BDBE /* CoreTelephony.framework in Frameworks */ = {isa = PBXBuildFile; fileRef = 18FADF75192DD46C00B8BDBE /* CoreTelephony.framework */; };
		435B9A2497564E5FB736A114 /* libPods.a in Frameworks */ = {isa = PBXBuildFile; fileRef = 5ADED582031B406EA645D50E /* libPods.a */; };
/* End PBXBuildFile section */

/* Begin PBXContainerItemProxy section */
		18D4C92F18A5E0E800BFA2EE /* PBXContainerItemProxy */ = {
			isa = PBXContainerItemProxy;
			containerPortal = 18D4C90718A5E0E700BFA2EE /* Project object */;
			proxyType = 1;
			remoteGlobalIDString = 18D4C90E18A5E0E800BFA2EE;
			remoteInfo = LeZai;
		};
/* End PBXContainerItemProxy section */

/* Begin PBXFileReference section */
		18278E4C19490197004F7561 /* RegisterViewController.h */ = {isa = PBXFileReference; fileEncoding = 4; lastKnownFileType = sourcecode.c.h; path = RegisterViewController.h; sourceTree = "<group>"; };
		18278E4D19490197004F7561 /* RegisterViewController.m */ = {isa = PBXFileReference; fileEncoding = 4; lastKnownFileType = sourcecode.c.objc; path = RegisterViewController.m; sourceTree = "<group>"; };
		18278E4E19490197004F7561 /* RegisterViewController.xib */ = {isa = PBXFileReference; fileEncoding = 4; lastKnownFileType = file.xib; path = RegisterViewController.xib; sourceTree = "<group>"; };
		18278E5119491E8F004F7561 /* UploadViewController.h */ = {isa = PBXFileReference; fileEncoding = 4; lastKnownFileType = sourcecode.c.h; path = UploadViewController.h; sourceTree = "<group>"; };
		18278E5219491E8F004F7561 /* UploadViewController.m */ = {isa = PBXFileReference; fileEncoding = 4; lastKnownFileType = sourcecode.c.objc; path = UploadViewController.m; sourceTree = "<group>"; };
		18278E5319491E8F004F7561 /* UploadViewController.xib */ = {isa = PBXFileReference; fileEncoding = 4; lastKnownFileType = file.xib; path = UploadViewController.xib; sourceTree = "<group>"; };
		183A0A84194A886D001C819F /* SelectRoleViewController.h */ = {isa = PBXFileReference; fileEncoding = 4; lastKnownFileType = sourcecode.c.h; path = SelectRoleViewController.h; sourceTree = "<group>"; };
		183A0A85194A886D001C819F /* SelectRoleViewController.m */ = {isa = PBXFileReference; fileEncoding = 4; lastKnownFileType = sourcecode.c.objc; path = SelectRoleViewController.m; sourceTree = "<group>"; };
		183A0A86194A886D001C819F /* SelectRoleViewController.xib */ = {isa = PBXFileReference; fileEncoding = 4; lastKnownFileType = file.xib; path = SelectRoleViewController.xib; sourceTree = "<group>"; };
		183A0A89194A974B001C819F /* LoginViewController.h */ = {isa = PBXFileReference; fileEncoding = 4; lastKnownFileType = sourcecode.c.h; path = LoginViewController.h; sourceTree = "<group>"; };
		183A0A8A194A974B001C819F /* LoginViewController.m */ = {isa = PBXFileReference; fileEncoding = 4; lastKnownFileType = sourcecode.c.objc; path = LoginViewController.m; sourceTree = "<group>"; };
		183A0A8B194A974B001C819F /* LoginViewController.xib */ = {isa = PBXFileReference; fileEncoding = 4; lastKnownFileType = file.xib; path = LoginViewController.xib; sourceTree = "<group>"; };
		183A0A90194AA1C7001C819F /* AllOrderListViewController.h */ = {isa = PBXFileReference; fileEncoding = 4; lastKnownFileType = sourcecode.c.h; path = AllOrderListViewController.h; sourceTree = "<group>"; };
		183A0A91194AA1C7001C819F /* AllOrderListViewController.m */ = {isa = PBXFileReference; fileEncoding = 4; lastKnownFileType = sourcecode.c.objc; path = AllOrderListViewController.m; sourceTree = "<group>"; };
		183A0A92194AA1C7001C819F /* AllOrderListViewController.xib */ = {isa = PBXFileReference; fileEncoding = 4; lastKnownFileType = file.xib; path = AllOrderListViewController.xib; sourceTree = "<group>"; };
		183A0A95194AA1D4001C819F /* OrderingListViewController.h */ = {isa = PBXFileReference; fileEncoding = 4; lastKnownFileType = sourcecode.c.h; path = OrderingListViewController.h; sourceTree = "<group>"; };
		183A0A96194AA1D4001C819F /* OrderingListViewController.m */ = {isa = PBXFileReference; fileEncoding = 4; lastKnownFileType = sourcecode.c.objc; path = OrderingListViewController.m; sourceTree = "<group>"; };
		183A0A97194AA1D4001C819F /* OrderingListViewController.xib */ = {isa = PBXFileReference; fileEncoding = 4; lastKnownFileType = file.xib; path = OrderingListViewController.xib; sourceTree = "<group>"; };
		183F667419302C3600CF8177 /* DBObject.h */ = {isa = PBXFileReference; fileEncoding = 4; lastKnownFileType = sourcecode.c.h; path = DBObject.h; sourceTree = "<group>"; };
		183F667519302C3600CF8177 /* DBObject.m */ = {isa = PBXFileReference; fileEncoding = 4; lastKnownFileType = sourcecode.c.objc; path = DBObject.m; sourceTree = "<group>"; };
		183F66771930400800CF8177 /* DBDetailViewController.h */ = {isa = PBXFileReference; fileEncoding = 4; lastKnownFileType = sourcecode.c.h; path = DBDetailViewController.h; sourceTree = "<group>"; };
		183F66781930400800CF8177 /* DBDetailViewController.m */ = {isa = PBXFileReference; fileEncoding = 4; lastKnownFileType = sourcecode.c.objc; path = DBDetailViewController.m; sourceTree = "<group>"; };
		183F66791930400800CF8177 /* DBDetailViewController.xib */ = {isa = PBXFileReference; fileEncoding = 4; lastKnownFileType = file.xib; path = DBDetailViewController.xib; sourceTree = "<group>"; };
		1858EF1E192C478400BE9714 /* DBViewController.h */ = {isa = PBXFileReference; fileEncoding = 4; lastKnownFileType = sourcecode.c.h; path = DBViewController.h; sourceTree = "<group>"; };
		1858EF1F192C478400BE9714 /* DBViewController.m */ = {isa = PBXFileReference; fileEncoding = 4; lastKnownFileType = sourcecode.c.objc; path = DBViewController.m; sourceTree = "<group>"; };
		1858EF20192C478400BE9714 /* DBViewController.xib */ = {isa = PBXFileReference; fileEncoding = 4; lastKnownFileType = file.xib; path = DBViewController.xib; sourceTree = "<group>"; };
		1858EF24192C799400BE9714 /* DBCell.h */ = {isa = PBXFileReference; fileEncoding = 4; lastKnownFileType = sourcecode.c.h; path = DBCell.h; sourceTree = "<group>"; };
		1858EF25192C799400BE9714 /* DBCell.m */ = {isa = PBXFileReference; fileEncoding = 4; lastKnownFileType = sourcecode.c.objc; path = DBCell.m; sourceTree = "<group>"; };
		1858EF26192C799400BE9714 /* DBCell.xib */ = {isa = PBXFileReference; fileEncoding = 4; lastKnownFileType = file.xib; path = DBCell.xib; sourceTree = "<group>"; };
		1894C16B18AA1DD400A2380A /* LZService.h */ = {isa = PBXFileReference; fileEncoding = 4; lastKnownFileType = sourcecode.c.h; path = LZService.h; sourceTree = "<group>"; };
		1894C16C18AA1DD400A2380A /* LZService.m */ = {isa = PBXFileReference; fileEncoding = 4; lastKnownFileType = sourcecode.c.objc; path = LZService.m; sourceTree = "<group>"; };
		1894C16E18AB105200A2380A /* PcSearchCell.h */ = {isa = PBXFileReference; fileEncoding = 4; lastKnownFileType = sourcecode.c.h; path = PcSearchCell.h; sourceTree = "<group>"; };
		1894C16F18AB105200A2380A /* PcSearchCell.m */ = {isa = PBXFileReference; fileEncoding = 4; lastKnownFileType = sourcecode.c.objc; path = PcSearchCell.m; sourceTree = "<group>"; };
		1894C17118AB108B00A2380A /* PcSearchCell.xib */ = {isa = PBXFileReference; fileEncoding = 4; lastKnownFileType = file.xib; path = PcSearchCell.xib; sourceTree = "<group>"; };
		1894C17518AB502B00A2380A /* .gitignore */ = {isa = PBXFileReference; fileEncoding = 4; lastKnownFileType = text; path = .gitignore; sourceTree = "<group>"; };
		1894C17618AB502B00A2380A /* CLLocation+NSDictionary.h */ = {isa = PBXFileReference; fileEncoding = 4; lastKnownFileType = sourcecode.c.h; path = "CLLocation+NSDictionary.h"; sourceTree = "<group>"; };
		1894C17718AB502B00A2380A /* CLLocation+NSDictionary.m */ = {isa = PBXFileReference; fileEncoding = 4; lastKnownFileType = sourcecode.c.objc; path = "CLLocation+NSDictionary.m"; sourceTree = "<group>"; };
		1894C17818AB502B00A2380A /* CLLocation+NSString.h */ = {isa = PBXFileReference; fileEncoding = 4; lastKnownFileType = sourcecode.c.h; path = "CLLocation+NSString.h"; sourceTree = "<group>"; };
		1894C17918AB502B00A2380A /* CLLocation+NSString.m */ = {isa = PBXFileReference; fileEncoding = 4; lastKnownFileType = sourcecode.c.objc; path = "CLLocation+NSString.m"; sourceTree = "<group>"; };
		1894C17A18AB502B00A2380A /* MBProgressHUD+Appearance.h */ = {isa = PBXFileReference; fileEncoding = 4; lastKnownFileType = sourcecode.c.h; path = "MBProgressHUD+Appearance.h"; sourceTree = "<group>"; };
		1894C17B18AB502B00A2380A /* MBProgressHUD+Appearance.m */ = {isa = PBXFileReference; fileEncoding = 4; lastKnownFileType = sourcecode.c.objc; path = "MBProgressHUD+Appearance.m"; sourceTree = "<group>"; };
		1894C17C18AB502B00A2380A /* NSNumber+PrintableMeasurement.h */ = {isa = PBXFileReference; fileEncoding = 4; lastKnownFileType = sourcecode.c.h; path = "NSNumber+PrintableMeasurement.h"; sourceTree = "<group>"; };
		1894C17D18AB502B00A2380A /* NSNumber+PrintableMeasurement.m */ = {isa = PBXFileReference; fileEncoding = 4; lastKnownFileType = sourcecode.c.objc; path = "NSNumber+PrintableMeasurement.m"; sourceTree = "<group>"; };
		1894C17E18AB502B00A2380A /* NSString+BundleExtensions.h */ = {isa = PBXFileReference; fileEncoding = 4; lastKnownFileType = sourcecode.c.h; path = "NSString+BundleExtensions.h"; sourceTree = "<group>"; };
		1894C17F18AB502B00A2380A /* NSString+BundleExtensions.m */ = {isa = PBXFileReference; fileEncoding = 4; lastKnownFileType = sourcecode.c.objc; path = "NSString+BundleExtensions.m"; sourceTree = "<group>"; };
		1894C18018AB502B00A2380A /* NSString+ZBUtilites.h */ = {isa = PBXFileReference; fileEncoding = 4; lastKnownFileType = sourcecode.c.h; path = "NSString+ZBUtilites.h"; sourceTree = "<group>"; };
		1894C18118AB502B00A2380A /* NSString+ZBUtilites.m */ = {isa = PBXFileReference; fileEncoding = 4; lastKnownFileType = sourcecode.c.objc; path = "NSString+ZBUtilites.m"; sourceTree = "<group>"; };
		1894C18218AB502B00A2380A /* README.md */ = {isa = PBXFileReference; fileEncoding = 4; lastKnownFileType = text; path = README.md; sourceTree = "<group>"; };
		1894C18318AB502B00A2380A /* UIColor+Hex.h */ = {isa = PBXFileReference; fileEncoding = 4; lastKnownFileType = sourcecode.c.h; path = "UIColor+Hex.h"; sourceTree = "<group>"; };
		1894C18418AB502B00A2380A /* UIColor+Hex.m */ = {isa = PBXFileReference; fileEncoding = 4; lastKnownFileType = sourcecode.c.objc; path = "UIColor+Hex.m"; sourceTree = "<group>"; };
		1894C18518AB502B00A2380A /* UIColor+Random.h */ = {isa = PBXFileReference; fileEncoding = 4; lastKnownFileType = sourcecode.c.h; path = "UIColor+Random.h"; sourceTree = "<group>"; };
		1894C18618AB502B00A2380A /* UIColor+Random.m */ = {isa = PBXFileReference; fileEncoding = 4; lastKnownFileType = sourcecode.c.objc; path = "UIColor+Random.m"; sourceTree = "<group>"; };
		1894C18718AB502B00A2380A /* UIDevice+ZBUtilites.h */ = {isa = PBXFileReference; fileEncoding = 4; lastKnownFileType = sourcecode.c.h; path = "UIDevice+ZBUtilites.h"; sourceTree = "<group>"; };
		1894C18818AB502B00A2380A /* UIDevice+ZBUtilites.m */ = {isa = PBXFileReference; fileEncoding = 4; lastKnownFileType = sourcecode.c.objc; path = "UIDevice+ZBUtilites.m"; sourceTree = "<group>"; };
		1894C18918AB502B00A2380A /* UIViewController+HUD.h */ = {isa = PBXFileReference; fileEncoding = 4; lastKnownFileType = sourcecode.c.h; path = "UIViewController+HUD.h"; sourceTree = "<group>"; };
		1894C18A18AB502B00A2380A /* UIViewController+HUD.m */ = {isa = PBXFileReference; fileEncoding = 4; lastKnownFileType = sourcecode.c.objc; path = "UIViewController+HUD.m"; sourceTree = "<group>"; };
		1894C18B18AB502B00A2380A /* UIViewController+ZBUtilites.h */ = {isa = PBXFileReference; fileEncoding = 4; lastKnownFileType = sourcecode.c.h; path = "UIViewController+ZBUtilites.h"; sourceTree = "<group>"; };
		1894C18C18AB502B00A2380A /* UIViewController+ZBUtilites.m */ = {isa = PBXFileReference; fileEncoding = 4; lastKnownFileType = sourcecode.c.objc; path = "UIViewController+ZBUtilites.m"; sourceTree = "<group>"; };
		1894C18D18AB502B00A2380A /* ZBTextValidate.h */ = {isa = PBXFileReference; fileEncoding = 4; lastKnownFileType = sourcecode.c.h; path = ZBTextValidate.h; sourceTree = "<group>"; };
		1894C18E18AB502B00A2380A /* ZBTextValidate.m */ = {isa = PBXFileReference; fileEncoding = 4; lastKnownFileType = sourcecode.c.objc; path = ZBTextValidate.m; sourceTree = "<group>"; };
		1894C18F18AB502B00A2380A /* ZBViewController.h */ = {isa = PBXFileReference; fileEncoding = 4; lastKnownFileType = sourcecode.c.h; path = ZBViewController.h; sourceTree = "<group>"; };
		1894C19018AB502B00A2380A /* ZBViewController.m */ = {isa = PBXFileReference; fileEncoding = 4; lastKnownFileType = sourcecode.c.objc; path = ZBViewController.m; sourceTree = "<group>"; };
		1894C1A018AB522800A2380A /* AppDelegate+Appearance.h */ = {isa = PBXFileReference; fileEncoding = 4; lastKnownFileType = sourcecode.c.h; path = "AppDelegate+Appearance.h"; sourceTree = "<group>"; };
		1894C1A118AB522800A2380A /* AppDelegate+Appearance.m */ = {isa = PBXFileReference; fileEncoding = 4; lastKnownFileType = sourcecode.c.objc; path = "AppDelegate+Appearance.m"; sourceTree = "<group>"; };
		18B659A118B1FDFD00193D85 /* PCObject.h */ = {isa = PBXFileReference; fileEncoding = 4; lastKnownFileType = sourcecode.c.h; path = PCObject.h; sourceTree = "<group>"; };
		18B659A218B1FDFD00193D85 /* PCObject.m */ = {isa = PBXFileReference; fileEncoding = 4; lastKnownFileType = sourcecode.c.objc; path = PCObject.m; sourceTree = "<group>"; };
		18D4C90F18A5E0E800BFA2EE /* LeZai.app */ = {isa = PBXFileReference; explicitFileType = wrapper.application; includeInIndex = 0; path = LeZai.app; sourceTree = BUILT_PRODUCTS_DIR; };
		18D4C91218A5E0E800BFA2EE /* Foundation.framework */ = {isa = PBXFileReference; lastKnownFileType = wrapper.framework; name = Foundation.framework; path = System/Library/Frameworks/Foundation.framework; sourceTree = SDKROOT; };
		18D4C91418A5E0E800BFA2EE /* CoreGraphics.framework */ = {isa = PBXFileReference; lastKnownFileType = wrapper.framework; name = CoreGraphics.framework; path = System/Library/Frameworks/CoreGraphics.framework; sourceTree = SDKROOT; };
		18D4C91618A5E0E800BFA2EE /* UIKit.framework */ = {isa = PBXFileReference; lastKnownFileType = wrapper.framework; name = UIKit.framework; path = System/Library/Frameworks/UIKit.framework; sourceTree = SDKROOT; };
		18D4C91A18A5E0E800BFA2EE /* LeZai-Info.plist */ = {isa = PBXFileReference; lastKnownFileType = text.plist.xml; path = "LeZai-Info.plist"; sourceTree = "<group>"; };
		18D4C91C18A5E0E800BFA2EE /* en */ = {isa = PBXFileReference; lastKnownFileType = text.plist.strings; name = en; path = en.lproj/InfoPlist.strings; sourceTree = "<group>"; };
		18D4C91E18A5E0E800BFA2EE /* main.m */ = {isa = PBXFileReference; lastKnownFileType = sourcecode.c.objc; path = main.m; sourceTree = "<group>"; };
		18D4C92018A5E0E800BFA2EE /* LeZai-Prefix.pch */ = {isa = PBXFileReference; lastKnownFileType = sourcecode.c.h; path = "LeZai-Prefix.pch"; sourceTree = "<group>"; };
		18D4C92118A5E0E800BFA2EE /* AppDelegate.h */ = {isa = PBXFileReference; lastKnownFileType = sourcecode.c.h; path = AppDelegate.h; sourceTree = "<group>"; };
		18D4C92218A5E0E800BFA2EE /* AppDelegate.m */ = {isa = PBXFileReference; lastKnownFileType = sourcecode.c.objc; path = AppDelegate.m; sourceTree = "<group>"; };
		18D4C92418A5E0E800BFA2EE /* Images.xcassets */ = {isa = PBXFileReference; lastKnownFileType = folder.assetcatalog; path = Images.xcassets; sourceTree = "<group>"; };
		18D4C92A18A5E0E800BFA2EE /* LeZaiTests.xctest */ = {isa = PBXFileReference; explicitFileType = wrapper.cfbundle; includeInIndex = 0; path = LeZaiTests.xctest; sourceTree = BUILT_PRODUCTS_DIR; };
		18D4C92B18A5E0E800BFA2EE /* XCTest.framework */ = {isa = PBXFileReference; lastKnownFileType = wrapper.framework; name = XCTest.framework; path = Library/Frameworks/XCTest.framework; sourceTree = DEVELOPER_DIR; };
		18D4C93318A5E0E800BFA2EE /* LeZaiTests-Info.plist */ = {isa = PBXFileReference; lastKnownFileType = text.plist.xml; path = "LeZaiTests-Info.plist"; sourceTree = "<group>"; };
		18D4C93518A5E0E800BFA2EE /* en */ = {isa = PBXFileReference; lastKnownFileType = text.plist.strings; name = en; path = en.lproj/InfoPlist.strings; sourceTree = "<group>"; };
		18D4C93718A5E0E800BFA2EE /* LeZaiTests.m */ = {isa = PBXFileReference; lastKnownFileType = sourcecode.c.objc; path = LeZaiTests.m; sourceTree = "<group>"; };
		18D4C94218A5FB2400BFA2EE /* OrderViewController.h */ = {isa = PBXFileReference; fileEncoding = 4; lastKnownFileType = sourcecode.c.h; path = OrderViewController.h; sourceTree = "<group>"; };
		18D4C94318A5FB2400BFA2EE /* OrderViewController.m */ = {isa = PBXFileReference; fileEncoding = 4; lastKnownFileType = sourcecode.c.objc; path = OrderViewController.m; sourceTree = "<group>"; };
		18D4C94418A5FB2400BFA2EE /* OrderViewController.xib */ = {isa = PBXFileReference; fileEncoding = 4; lastKnownFileType = file.xib; path = OrderViewController.xib; sourceTree = "<group>"; };
		18D4C94718A5FB3F00BFA2EE /* CarpoolingViewController.h */ = {isa = PBXFileReference; fileEncoding = 4; lastKnownFileType = sourcecode.c.h; path = CarpoolingViewController.h; sourceTree = "<group>"; };
		18D4C94818A5FB3F00BFA2EE /* CarpoolingViewController.m */ = {isa = PBXFileReference; fileEncoding = 4; lastKnownFileType = sourcecode.c.objc; path = CarpoolingViewController.m; sourceTree = "<group>"; };
		18D4C94918A5FB3F00BFA2EE /* CarpoolingViewController.xib */ = {isa = PBXFileReference; fileEncoding = 4; lastKnownFileType = file.xib; path = CarpoolingViewController.xib; sourceTree = "<group>"; };
		18D4C94C18A60F5100BFA2EE /* ResultViewController.h */ = {isa = PBXFileReference; fileEncoding = 4; lastKnownFileType = sourcecode.c.h; path = ResultViewController.h; sourceTree = "<group>"; };
		18D4C94D18A60F5100BFA2EE /* ResultViewController.m */ = {isa = PBXFileReference; fileEncoding = 4; lastKnownFileType = sourcecode.c.objc; path = ResultViewController.m; sourceTree = "<group>"; };
		18D4C94E18A60F5100BFA2EE /* ResultViewController.xib */ = {isa = PBXFileReference; fileEncoding = 4; lastKnownFileType = file.xib; path = ResultViewController.xib; sourceTree = "<group>"; };
		18D4C95118A6232500BFA2EE /* zh-Hans */ = {isa = PBXFileReference; lastKnownFileType = text.plist.strings; name = "zh-Hans"; path = "zh-Hans.lproj/InfoPlist.strings"; sourceTree = "<group>"; };
		18D4C95218A6232500BFA2EE /* zh-Hans */ = {isa = PBXFileReference; lastKnownFileType = text.plist.strings; name = "zh-Hans"; path = "zh-Hans.lproj/InfoPlist.strings"; sourceTree = "<group>"; };
		18EE519319342369004D333D /* PushConfig.plist */ = {isa = PBXFileReference; fileEncoding = 4; lastKnownFileType = text.plist.xml; path = PushConfig.plist; sourceTree = "<group>"; };
		18EE519519342B86004D333D /* CFNetwork.framework */ = {isa = PBXFileReference; lastKnownFileType = wrapper.framework; name = CFNetwork.framework; path = System/Library/Frameworks/CFNetwork.framework; sourceTree = SDKROOT; };
		18EE519719342B94004D333D /* CoreFoundation.framework */ = {isa = PBXFileReference; lastKnownFileType = wrapper.framework; name = CoreFoundation.framework; path = System/Library/Frameworks/CoreFoundation.framework; sourceTree = SDKROOT; };
		18EE519919342B9C004D333D /* SystemConfiguration.framework */ = {isa = PBXFileReference; lastKnownFileType = wrapper.framework; name = SystemConfiguration.framework; path = System/Library/Frameworks/SystemConfiguration.framework; sourceTree = SDKROOT; };
		18EE519B19342BA8004D333D /* Security.framework */ = {isa = PBXFileReference; lastKnownFileType = wrapper.framework; name = Security.framework; path = System/Library/Frameworks/Security.framework; sourceTree = SDKROOT; };
		18EE519D19342BB1004D333D /* libz.dylib */ = {isa = PBXFileReference; lastKnownFileType = "compiled.mach-o.dylib"; name = libz.dylib; path = usr/lib/libz.dylib; sourceTree = SDKROOT; };
		18FADF70192DD44000B8BDBE /* APService.h */ = {isa = PBXFileReference; fileEncoding = 4; lastKnownFileType = sourcecode.c.h; path = APService.h; sourceTree = "<group>"; };
		18FADF71192DD44000B8BDBE /* libPushSDK.a */ = {isa = PBXFileReference; lastKnownFileType = archive.ar; path = libPushSDK.a; sourceTree = "<group>"; };
		18FADF75192DD46C00B8BDBE /* CoreTelephony.framework */ = {isa = PBXFileReference; lastKnownFileType = wrapper.framework; name = CoreTelephony.framework; path = System/Library/Frameworks/CoreTelephony.framework; sourceTree = SDKROOT; };
		312520A3FF274115B97085E4 /* Pods.xcconfig */ = {isa = PBXFileReference; includeInIndex = 1; lastKnownFileType = text.xcconfig; name = Pods.xcconfig; path = Pods/Pods.xcconfig; sourceTree = "<group>"; };
		5ADED582031B406EA645D50E /* libPods.a */ = {isa = PBXFileReference; explicitFileType = archive.ar; includeInIndex = 0; path = libPods.a; sourceTree = BUILT_PRODUCTS_DIR; };
/* End PBXFileReference section */

/* Begin PBXFrameworksBuildPhase section */
		18D4C90C18A5E0E800BFA2EE /* Frameworks */ = {
			isa = PBXFrameworksBuildPhase;
			buildActionMask = 2147483647;
			files = (
				18EE519E19342BB1004D333D /* libz.dylib in Frameworks */,
				18EE519C19342BA8004D333D /* Security.framework in Frameworks */,
				18EE519A19342B9C004D333D /* SystemConfiguration.framework in Frameworks */,
				18EE519819342B94004D333D /* CoreFoundation.framework in Frameworks */,
				18EE519619342B86004D333D /* CFNetwork.framework in Frameworks */,
				18FADF76192DD46C00B8BDBE /* CoreTelephony.framework in Frameworks */,
				18D4C91518A5E0E800BFA2EE /* CoreGraphics.framework in Frameworks */,
				18D4C91718A5E0E800BFA2EE /* UIKit.framework in Frameworks */,
				18D4C91318A5E0E800BFA2EE /* Foundation.framework in Frameworks */,
				435B9A2497564E5FB736A114 /* libPods.a in Frameworks */,
				18FADF72192DD44100B8BDBE /* libPushSDK.a in Frameworks */,
			);
			runOnlyForDeploymentPostprocessing = 0;
		};
		18D4C92718A5E0E800BFA2EE /* Frameworks */ = {
			isa = PBXFrameworksBuildPhase;
			buildActionMask = 2147483647;
			files = (
				18D4C92C18A5E0E800BFA2EE /* XCTest.framework in Frameworks */,
				18D4C92E18A5E0E800BFA2EE /* UIKit.framework in Frameworks */,
				18D4C92D18A5E0E800BFA2EE /* Foundation.framework in Frameworks */,
			);
			runOnlyForDeploymentPostprocessing = 0;
		};
/* End PBXFrameworksBuildPhase section */

/* Begin PBXGroup section */
		183A0A8E194A974F001C819F /* User */ = {
			isa = PBXGroup;
			children = (
				183A0A84194A886D001C819F /* SelectRoleViewController.h */,
				183A0A85194A886D001C819F /* SelectRoleViewController.m */,
				183A0A86194A886D001C819F /* SelectRoleViewController.xib */,
				18278E4C19490197004F7561 /* RegisterViewController.h */,
				18278E4D19490197004F7561 /* RegisterViewController.m */,
				18278E4E19490197004F7561 /* RegisterViewController.xib */,
				183A0A89194A974B001C819F /* LoginViewController.h */,
				183A0A8A194A974B001C819F /* LoginViewController.m */,
				183A0A8B194A974B001C819F /* LoginViewController.xib */,
			);
			name = User;
			sourceTree = "<group>";
		};
		183A0A8F194AA19F001C819F /* DuanBo */ = {
			isa = PBXGroup;
			children = (
				1858EF1E192C478400BE9714 /* DBViewController.h */,
				1858EF1F192C478400BE9714 /* DBViewController.m */,
				1858EF20192C478400BE9714 /* DBViewController.xib */,
				183F66771930400800CF8177 /* DBDetailViewController.h */,
				183F66781930400800CF8177 /* DBDetailViewController.m */,
				183F66791930400800CF8177 /* DBDetailViewController.xib */,
				183A0A90194AA1C7001C819F /* AllOrderListViewController.h */,
				183A0A91194AA1C7001C819F /* AllOrderListViewController.m */,
				183A0A92194AA1C7001C819F /* AllOrderListViewController.xib */,
				183A0A95194AA1D4001C819F /* OrderingListViewController.h */,
				183A0A96194AA1D4001C819F /* OrderingListViewController.m */,
				183A0A97194AA1D4001C819F /* OrderingListViewController.xib */,
			);
			name = DuanBo;
			sourceTree = "<group>";
		};
		183F6673192F1B7D00CF8177 /* Models */ = {
			isa = PBXGroup;
			children = (
				18B659A118B1FDFD00193D85 /* PCObject.h */,
				18B659A218B1FDFD00193D85 /* PCObject.m */,
				183F667419302C3600CF8177 /* DBObject.h */,
				183F667519302C3600CF8177 /* DBObject.m */,
			);
			name = Models;
			sourceTree = "<group>";
		};
		1858EF23192C797700BE9714 /* Cell */ = {
			isa = PBXGroup;
			children = (
				1894C16E18AB105200A2380A /* PcSearchCell.h */,
				1894C16F18AB105200A2380A /* PcSearchCell.m */,
				1894C17118AB108B00A2380A /* PcSearchCell.xib */,
				1858EF24192C799400BE9714 /* DBCell.h */,
				1858EF25192C799400BE9714 /* DBCell.m */,
				1858EF26192C799400BE9714 /* DBCell.xib */,
			);
			name = Cell;
			sourceTree = "<group>";
		};
		1894C16A18AA1D9400A2380A /* Service */ = {
			isa = PBXGroup;
			children = (
				1894C16B18AA1DD400A2380A /* LZService.h */,
				1894C16C18AA1DD400A2380A /* LZService.m */,
			);
			name = Service;
			sourceTree = "<group>";
		};
		1894C17318AB501F00A2380A /* Library */ = {
			isa = PBXGroup;
			children = (
				18FADF6F192DD44000B8BDBE /* JPush */,
				1894C17418AB502B00A2380A /* ZBUtilities */,
			);
			name = Library;
			sourceTree = "<group>";
		};
		1894C17418AB502B00A2380A /* ZBUtilities */ = {
			isa = PBXGroup;
			children = (
				1894C17518AB502B00A2380A /* .gitignore */,
				1894C17618AB502B00A2380A /* CLLocation+NSDictionary.h */,
				1894C17718AB502B00A2380A /* CLLocation+NSDictionary.m */,
				1894C17818AB502B00A2380A /* CLLocation+NSString.h */,
				1894C17918AB502B00A2380A /* CLLocation+NSString.m */,
				1894C17A18AB502B00A2380A /* MBProgressHUD+Appearance.h */,
				1894C17B18AB502B00A2380A /* MBProgressHUD+Appearance.m */,
				1894C17C18AB502B00A2380A /* NSNumber+PrintableMeasurement.h */,
				1894C17D18AB502B00A2380A /* NSNumber+PrintableMeasurement.m */,
				1894C17E18AB502B00A2380A /* NSString+BundleExtensions.h */,
				1894C17F18AB502B00A2380A /* NSString+BundleExtensions.m */,
				1894C18018AB502B00A2380A /* NSString+ZBUtilites.h */,
				1894C18118AB502B00A2380A /* NSString+ZBUtilites.m */,
				1894C18218AB502B00A2380A /* README.md */,
				1894C18318AB502B00A2380A /* UIColor+Hex.h */,
				1894C18418AB502B00A2380A /* UIColor+Hex.m */,
				1894C18518AB502B00A2380A /* UIColor+Random.h */,
				1894C18618AB502B00A2380A /* UIColor+Random.m */,
				1894C18718AB502B00A2380A /* UIDevice+ZBUtilites.h */,
				1894C18818AB502B00A2380A /* UIDevice+ZBUtilites.m */,
				1894C18918AB502B00A2380A /* UIViewController+HUD.h */,
				1894C18A18AB502B00A2380A /* UIViewController+HUD.m */,
				1894C18B18AB502B00A2380A /* UIViewController+ZBUtilites.h */,
				1894C18C18AB502B00A2380A /* UIViewController+ZBUtilites.m */,
				1894C18D18AB502B00A2380A /* ZBTextValidate.h */,
				1894C18E18AB502B00A2380A /* ZBTextValidate.m */,
				1894C18F18AB502B00A2380A /* ZBViewController.h */,
				1894C19018AB502B00A2380A /* ZBViewController.m */,
			);
			path = ZBUtilities;
			sourceTree = "<group>";
		};
		18D4C90618A5E0E700BFA2EE = {
			isa = PBXGroup;
			children = (
				18D4C91818A5E0E800BFA2EE /* LeZai */,
				18D4C93118A5E0E800BFA2EE /* LeZaiTests */,
				18D4C91118A5E0E800BFA2EE /* Frameworks */,
				18D4C91018A5E0E800BFA2EE /* Products */,
				312520A3FF274115B97085E4 /* Pods.xcconfig */,
			);
			sourceTree = "<group>";
		};
		18D4C91018A5E0E800BFA2EE /* Products */ = {
			isa = PBXGroup;
			children = (
				18D4C90F18A5E0E800BFA2EE /* LeZai.app */,
				18D4C92A18A5E0E800BFA2EE /* LeZaiTests.xctest */,
			);
			name = Products;
			sourceTree = "<group>";
		};
		18D4C91118A5E0E800BFA2EE /* Frameworks */ = {
			isa = PBXGroup;
			children = (
				18EE519D19342BB1004D333D /* libz.dylib */,
				18EE519B19342BA8004D333D /* Security.framework */,
				18EE519919342B9C004D333D /* SystemConfiguration.framework */,
				18EE519719342B94004D333D /* CoreFoundation.framework */,
				18EE519519342B86004D333D /* CFNetwork.framework */,
				18FADF75192DD46C00B8BDBE /* CoreTelephony.framework */,
				18D4C91218A5E0E800BFA2EE /* Foundation.framework */,
				18D4C91418A5E0E800BFA2EE /* CoreGraphics.framework */,
				18D4C91618A5E0E800BFA2EE /* UIKit.framework */,
				18D4C92B18A5E0E800BFA2EE /* XCTest.framework */,
				5ADED582031B406EA645D50E /* libPods.a */,
			);
			name = Frameworks;
			sourceTree = "<group>";
		};
		18D4C91818A5E0E800BFA2EE /* LeZai */ = {
			isa = PBXGroup;
			children = (
				183F6673192F1B7D00CF8177 /* Models */,
				1894C17318AB501F00A2380A /* Library */,
				1894C16A18AA1D9400A2380A /* Service */,
				18D4C94118A5F3BB00BFA2EE /* UI */,
				18D4C92118A5E0E800BFA2EE /* AppDelegate.h */,
				18D4C92218A5E0E800BFA2EE /* AppDelegate.m */,
				1894C1A018AB522800A2380A /* AppDelegate+Appearance.h */,
				1894C1A118AB522800A2380A /* AppDelegate+Appearance.m */,
				18D4C92418A5E0E800BFA2EE /* Images.xcassets */,
				18D4C91918A5E0E800BFA2EE /* Supporting Files */,
			);
			path = LeZai;
			sourceTree = "<group>";
		};
		18D4C91918A5E0E800BFA2EE /* Supporting Files */ = {
			isa = PBXGroup;
			children = (
				18D4C91A18A5E0E800BFA2EE /* LeZai-Info.plist */,
				18D4C91B18A5E0E800BFA2EE /* InfoPlist.strings */,
				18D4C91E18A5E0E800BFA2EE /* main.m */,
				18D4C92018A5E0E800BFA2EE /* LeZai-Prefix.pch */,
				18EE519319342369004D333D /* PushConfig.plist */,
			);
			name = "Supporting Files";
			sourceTree = "<group>";
		};
		18D4C93118A5E0E800BFA2EE /* LeZaiTests */ = {
			isa = PBXGroup;
			children = (
				18D4C93718A5E0E800BFA2EE /* LeZaiTests.m */,
				18D4C93218A5E0E800BFA2EE /* Supporting Files */,
			);
			path = LeZaiTests;
			sourceTree = "<group>";
		};
		18D4C93218A5E0E800BFA2EE /* Supporting Files */ = {
			isa = PBXGroup;
			children = (
				18D4C93318A5E0E800BFA2EE /* LeZaiTests-Info.plist */,
				18D4C93418A5E0E800BFA2EE /* InfoPlist.strings */,
			);
			name = "Supporting Files";
			sourceTree = "<group>";
		};
		18D4C94118A5F3BB00BFA2EE /* UI */ = {
			isa = PBXGroup;
			children = (
				183A0A8F194AA19F001C819F /* DuanBo */,
				183A0A8E194A974F001C819F /* User */,
				1858EF23192C797700BE9714 /* Cell */,
				18D4C94218A5FB2400BFA2EE /* OrderViewController.h */,
				18D4C94318A5FB2400BFA2EE /* OrderViewController.m */,
				18D4C94418A5FB2400BFA2EE /* OrderViewController.xib */,
				18D4C94718A5FB3F00BFA2EE /* CarpoolingViewController.h */,
				18D4C94818A5FB3F00BFA2EE /* CarpoolingViewController.m */,
				18D4C94918A5FB3F00BFA2EE /* CarpoolingViewController.xib */,
				18D4C94C18A60F5100BFA2EE /* ResultViewController.h */,
				18D4C94D18A60F5100BFA2EE /* ResultViewController.m */,
				18D4C94E18A60F5100BFA2EE /* ResultViewController.xib */,
				18278E5119491E8F004F7561 /* UploadViewController.h */,
				18278E5219491E8F004F7561 /* UploadViewController.m */,
				18278E5319491E8F004F7561 /* UploadViewController.xib */,
			);
			name = UI;
			sourceTree = "<group>";
		};
		18FADF6F192DD44000B8BDBE /* JPush */ = {
			isa = PBXGroup;
			children = (
				18FADF70192DD44000B8BDBE /* APService.h */,
				18FADF71192DD44000B8BDBE /* libPushSDK.a */,
			);
			path = JPush;
			sourceTree = "<group>";
		};
/* End PBXGroup section */

/* Begin PBXNativeTarget section */
		18D4C90E18A5E0E800BFA2EE /* LeZai */ = {
			isa = PBXNativeTarget;
			buildConfigurationList = 18D4C93B18A5E0E800BFA2EE /* Build configuration list for PBXNativeTarget "LeZai" */;
			buildPhases = (
				04224F6052184D009B2EEA97 /* Check Pods Manifest.lock */,
				18D4C90B18A5E0E800BFA2EE /* Sources */,
				18D4C90C18A5E0E800BFA2EE /* Frameworks */,
				18D4C90D18A5E0E800BFA2EE /* Resources */,
				0BE89BC2E4B74027AEBAE7AC /* Copy Pods Resources */,
			);
			buildRules = (
			);
			dependencies = (
			);
			name = LeZai;
			productName = LeZai;
			productReference = 18D4C90F18A5E0E800BFA2EE /* LeZai.app */;
			productType = "com.apple.product-type.application";
		};
		18D4C92918A5E0E800BFA2EE /* LeZaiTests */ = {
			isa = PBXNativeTarget;
			buildConfigurationList = 18D4C93E18A5E0E800BFA2EE /* Build configuration list for PBXNativeTarget "LeZaiTests" */;
			buildPhases = (
				18D4C92618A5E0E800BFA2EE /* Sources */,
				18D4C92718A5E0E800BFA2EE /* Frameworks */,
				18D4C92818A5E0E800BFA2EE /* Resources */,
			);
			buildRules = (
			);
			dependencies = (
				18D4C93018A5E0E800BFA2EE /* PBXTargetDependency */,
			);
			name = LeZaiTests;
			productName = LeZaiTests;
			productReference = 18D4C92A18A5E0E800BFA2EE /* LeZaiTests.xctest */;
			productType = "com.apple.product-type.bundle.unit-test";
		};
/* End PBXNativeTarget section */

/* Begin PBXProject section */
		18D4C90718A5E0E700BFA2EE /* Project object */ = {
			isa = PBXProject;
			attributes = {
				LastUpgradeCheck = 0500;
				ORGANIZATIONNAME = "颜超";
				TargetAttributes = {
					18D4C90E18A5E0E800BFA2EE = {
						DevelopmentTeam = 4WTE3VN3UV;
					};
					18D4C92918A5E0E800BFA2EE = {
						TestTargetID = 18D4C90E18A5E0E800BFA2EE;
					};
				};
			};
			buildConfigurationList = 18D4C90A18A5E0E700BFA2EE /* Build configuration list for PBXProject "LeZai" */;
			compatibilityVersion = "Xcode 3.2";
			developmentRegion = English;
			hasScannedForEncodings = 0;
			knownRegions = (
				en,
				"zh-Hans",
			);
			mainGroup = 18D4C90618A5E0E700BFA2EE;
			productRefGroup = 18D4C91018A5E0E800BFA2EE /* Products */;
			projectDirPath = "";
			projectRoot = "";
			targets = (
				18D4C90E18A5E0E800BFA2EE /* LeZai */,
				18D4C92918A5E0E800BFA2EE /* LeZaiTests */,
			);
		};
/* End PBXProject section */

/* Begin PBXResourcesBuildPhase section */
		18D4C90D18A5E0E800BFA2EE /* Resources */ = {
			isa = PBXResourcesBuildPhase;
			buildActionMask = 2147483647;
			files = (
				183A0A8D194A974B001C819F /* LoginViewController.xib in Resources */,
				18D4C91D18A5E0E800BFA2EE /* InfoPlist.strings in Resources */,
				18278E5019490197004F7561 /* RegisterViewController.xib in Resources */,
				183F667B1930400800CF8177 /* DBDetailViewController.xib in Resources */,
				1894C19118AB502B00A2380A /* .gitignore in Resources */,
				18D4C94618A5FB2400BFA2EE /* OrderViewController.xib in Resources */,
				183A0A94194AA1C7001C819F /* AllOrderListViewController.xib in Resources */,
				18278E5519491E8F004F7561 /* UploadViewController.xib in Resources */,
				18EE519419342369004D333D /* PushConfig.plist in Resources */,
				1894C17218AB108B00A2380A /* PcSearchCell.xib in Resources */,
				18D4C94B18A5FB3F00BFA2EE /* CarpoolingViewController.xib in Resources */,
				18D4C95018A60F5100BFA2EE /* ResultViewController.xib in Resources */,
				1894C19818AB502B00A2380A /* README.md in Resources */,
				1858EF28192C799400BE9714 /* DBCell.xib in Resources */,
				183A0A99194AA1D4001C819F /* OrderingListViewController.xib in Resources */,
				18D4C92518A5E0E800BFA2EE /* Images.xcassets in Resources */,
				1858EF22192C478400BE9714 /* DBViewController.xib in Resources */,
				183A0A88194A886D001C819F /* SelectRoleViewController.xib in Resources */,
			);
			runOnlyForDeploymentPostprocessing = 0;
		};
		18D4C92818A5E0E800BFA2EE /* Resources */ = {
			isa = PBXResourcesBuildPhase;
			buildActionMask = 2147483647;
			files = (
				18D4C93618A5E0E800BFA2EE /* InfoPlist.strings in Resources */,
			);
			runOnlyForDeploymentPostprocessing = 0;
		};
/* End PBXResourcesBuildPhase section */

/* Begin PBXShellScriptBuildPhase section */
		04224F6052184D009B2EEA97 /* Check Pods Manifest.lock */ = {
			isa = PBXShellScriptBuildPhase;
			buildActionMask = 2147483647;
			files = (
			);
			inputPaths = (
			);
			name = "Check Pods Manifest.lock";
			outputPaths = (
			);
			runOnlyForDeploymentPostprocessing = 0;
			shellPath = /bin/sh;
			shellScript = "diff \"${PODS_ROOT}/../Podfile.lock\" \"${PODS_ROOT}/Manifest.lock\" > /dev/null\nif [[ $? != 0 ]] ; then\n    cat << EOM\nerror: The sandbox is not in sync with the Podfile.lock. Run 'pod install' or update your CocoaPods installation.\nEOM\n    exit 1\nfi\n";
			showEnvVarsInLog = 0;
		};
		0BE89BC2E4B74027AEBAE7AC /* Copy Pods Resources */ = {
			isa = PBXShellScriptBuildPhase;
			buildActionMask = 2147483647;
			files = (
			);
			inputPaths = (
			);
			name = "Copy Pods Resources";
			outputPaths = (
			);
			runOnlyForDeploymentPostprocessing = 0;
			shellPath = /bin/sh;
			shellScript = "\"${SRCROOT}/Pods/Pods-resources.sh\"\n";
			showEnvVarsInLog = 0;
		};
/* End PBXShellScriptBuildPhase section */

/* Begin PBXSourcesBuildPhase section */
		18D4C90B18A5E0E800BFA2EE /* Sources */ = {
			isa = PBXSourcesBuildPhase;
			buildActionMask = 2147483647;
			files = (
				1894C1A218AB522800A2380A /* AppDelegate+Appearance.m in Sources */,
				183F667A1930400800CF8177 /* DBDetailViewController.m in Sources */,
				18B659A318B1FDFD00193D85 /* PCObject.m in Sources */,
				1894C19C18AB502B00A2380A /* UIViewController+HUD.m in Sources */,
				18278E4F19490197004F7561 /* RegisterViewController.m in Sources */,
				1894C19A18AB502B00A2380A /* UIColor+Random.m in Sources */,
				1894C17018AB105200A2380A /* PcSearchCell.m in Sources */,
				18D4C92318A5E0E800BFA2EE /* AppDelegate.m in Sources */,
				1894C19F18AB502B00A2380A /* ZBViewController.m in Sources */,
				1894C16D18AA1DD400A2380A /* LZService.m in Sources */,
				18D4C94518A5FB2400BFA2EE /* OrderViewController.m in Sources */,
				18D4C94A18A5FB3F00BFA2EE /* CarpoolingViewController.m in Sources */,
				183A0A98194AA1D4001C819F /* OrderingListViewController.m in Sources */,
				183A0A93194AA1C7001C819F /* AllOrderListViewController.m in Sources */,
				1894C19518AB502B00A2380A /* NSNumber+PrintableMeasurement.m in Sources */,
				18D4C94F18A60F5100BFA2EE /* ResultViewController.m in Sources */,
				183A0A8C194A974B001C819F /* LoginViewController.m in Sources */,
				1894C19B18AB502B00A2380A /* UIDevice+ZBUtilites.m in Sources */,
				1894C19718AB502B00A2380A /* NSString+ZBUtilites.m in Sources */,
				1894C19D18AB502B00A2380A /* UIViewController+ZBUtilites.m in Sources */,
				1894C19218AB502B00A2380A /* CLLocation+NSDictionary.m in Sources */,
				183F667619302C3600CF8177 /* DBObject.m in Sources */,
				1894C19418AB502B00A2380A /* MBProgressHUD+Appearance.m in Sources */,
				1858EF27192C799400BE9714 /* DBCell.m in Sources */,
				18278E5419491E8F004F7561 /* UploadViewController.m in Sources */,
				1894C19E18AB502B00A2380A /* ZBTextValidate.m in Sources */,
				18D4C91F18A5E0E800BFA2EE /* main.m in Sources */,
				1858EF21192C478400BE9714 /* DBViewController.m in Sources */,
				1894C19918AB502B00A2380A /* UIColor+Hex.m in Sources */,
				183A0A87194A886D001C819F /* SelectRoleViewController.m in Sources */,
				1894C19318AB502B00A2380A /* CLLocation+NSString.m in Sources */,
				1894C19618AB502B00A2380A /* NSString+BundleExtensions.m in Sources */,
			);
			runOnlyForDeploymentPostprocessing = 0;
		};
		18D4C92618A5E0E800BFA2EE /* Sources */ = {
			isa = PBXSourcesBuildPhase;
			buildActionMask = 2147483647;
			files = (
				18D4C93818A5E0E800BFA2EE /* LeZaiTests.m in Sources */,
			);
			runOnlyForDeploymentPostprocessing = 0;
		};
/* End PBXSourcesBuildPhase section */

/* Begin PBXTargetDependency section */
		18D4C93018A5E0E800BFA2EE /* PBXTargetDependency */ = {
			isa = PBXTargetDependency;
			target = 18D4C90E18A5E0E800BFA2EE /* LeZai */;
			targetProxy = 18D4C92F18A5E0E800BFA2EE /* PBXContainerItemProxy */;
		};
/* End PBXTargetDependency section */

/* Begin PBXVariantGroup section */
		18D4C91B18A5E0E800BFA2EE /* InfoPlist.strings */ = {
			isa = PBXVariantGroup;
			children = (
				18D4C91C18A5E0E800BFA2EE /* en */,
				18D4C95118A6232500BFA2EE /* zh-Hans */,
			);
			name = InfoPlist.strings;
			sourceTree = "<group>";
		};
		18D4C93418A5E0E800BFA2EE /* InfoPlist.strings */ = {
			isa = PBXVariantGroup;
			children = (
				18D4C93518A5E0E800BFA2EE /* en */,
				18D4C95218A6232500BFA2EE /* zh-Hans */,
			);
			name = InfoPlist.strings;
			sourceTree = "<group>";
		};
/* End PBXVariantGroup section */

/* Begin XCBuildConfiguration section */
		18D4C93918A5E0E800BFA2EE /* Debug */ = {
			isa = XCBuildConfiguration;
			buildSettings = {
				ALWAYS_SEARCH_USER_PATHS = NO;
				ARCHS = "$(ARCHS_STANDARD_INCLUDING_64_BIT)";
				CLANG_CXX_LANGUAGE_STANDARD = "gnu++0x";
				CLANG_CXX_LIBRARY = "libc++";
				CLANG_ENABLE_MODULES = YES;
				CLANG_ENABLE_OBJC_ARC = YES;
				CLANG_WARN_BOOL_CONVERSION = YES;
				CLANG_WARN_CONSTANT_CONVERSION = YES;
				CLANG_WARN_DIRECT_OBJC_ISA_USAGE = YES_ERROR;
				CLANG_WARN_EMPTY_BODY = YES;
				CLANG_WARN_ENUM_CONVERSION = YES;
				CLANG_WARN_INT_CONVERSION = YES;
				CLANG_WARN_OBJC_ROOT_CLASS = YES_ERROR;
				CLANG_WARN__DUPLICATE_METHOD_MATCH = YES;
				CODE_SIGN_IDENTITY = "iPhone Developer: li wei (ELU6S9Z5MV)";
				"CODE_SIGN_IDENTITY[sdk=iphoneos*]" = "iPhone Developer: li wei (ELU6S9Z5MV)";
				COPY_PHASE_STRIP = NO;
				GCC_C_LANGUAGE_STANDARD = gnu99;
				GCC_DYNAMIC_NO_PIC = NO;
				GCC_OPTIMIZATION_LEVEL = 0;
				GCC_PREPROCESSOR_DEFINITIONS = (
					"DEBUG=1",
					"$(inherited)",
				);
				GCC_SYMBOLS_PRIVATE_EXTERN = NO;
				GCC_WARN_64_TO_32_BIT_CONVERSION = YES;
				GCC_WARN_ABOUT_RETURN_TYPE = YES_ERROR;
				GCC_WARN_UNDECLARED_SELECTOR = YES;
				GCC_WARN_UNINITIALIZED_AUTOS = YES;
				GCC_WARN_UNUSED_FUNCTION = YES;
				GCC_WARN_UNUSED_VARIABLE = YES;
				IPHONEOS_DEPLOYMENT_TARGET = 7.0;
				ONLY_ACTIVE_ARCH = YES;
				SDKROOT = iphoneos;
			};
			name = Debug;
		};
		18D4C93A18A5E0E800BFA2EE /* Release */ = {
			isa = XCBuildConfiguration;
			buildSettings = {
				ALWAYS_SEARCH_USER_PATHS = NO;
				ARCHS = "$(ARCHS_STANDARD_INCLUDING_64_BIT)";
				CLANG_CXX_LANGUAGE_STANDARD = "gnu++0x";
				CLANG_CXX_LIBRARY = "libc++";
				CLANG_ENABLE_MODULES = YES;
				CLANG_ENABLE_OBJC_ARC = YES;
				CLANG_WARN_BOOL_CONVERSION = YES;
				CLANG_WARN_CONSTANT_CONVERSION = YES;
				CLANG_WARN_DIRECT_OBJC_ISA_USAGE = YES_ERROR;
				CLANG_WARN_EMPTY_BODY = YES;
				CLANG_WARN_ENUM_CONVERSION = YES;
				CLANG_WARN_INT_CONVERSION = YES;
				CLANG_WARN_OBJC_ROOT_CLASS = YES_ERROR;
				CLANG_WARN__DUPLICATE_METHOD_MATCH = YES;
				CODE_SIGN_IDENTITY = "iPhone Distribution: li wei (4WTE3VN3UV)";
				"CODE_SIGN_IDENTITY[sdk=iphoneos*]" = "iPhone Distribution: li wei (4WTE3VN3UV)";
				COPY_PHASE_STRIP = YES;
				ENABLE_NS_ASSERTIONS = NO;
				GCC_C_LANGUAGE_STANDARD = gnu99;
				GCC_WARN_64_TO_32_BIT_CONVERSION = YES;
				GCC_WARN_ABOUT_RETURN_TYPE = YES_ERROR;
				GCC_WARN_UNDECLARED_SELECTOR = YES;
				GCC_WARN_UNINITIALIZED_AUTOS = YES;
				GCC_WARN_UNUSED_FUNCTION = YES;
				GCC_WARN_UNUSED_VARIABLE = YES;
				IPHONEOS_DEPLOYMENT_TARGET = 7.0;
				SDKROOT = iphoneos;
				VALIDATE_PRODUCT = YES;
			};
			name = Release;
		};
		18D4C93C18A5E0E800BFA2EE /* Debug */ = {
			isa = XCBuildConfiguration;
			baseConfigurationReference = 312520A3FF274115B97085E4 /* Pods.xcconfig */;
			buildSettings = {
				ASSETCATALOG_COMPILER_APPICON_NAME = AppIcon;
				ASSETCATALOG_COMPILER_LAUNCHIMAGE_NAME = LaunchImage;
				CODE_SIGN_IDENTITY = "iPhone Developer: li wei (ELU6S9Z5MV)";
				"CODE_SIGN_IDENTITY[sdk=iphoneos*]" = "iPhone Developer: li wei (ELU6S9Z5MV)";
				GCC_PRECOMPILE_PREFIX_HEADER = YES;
				GCC_PREFIX_HEADER = "LeZai/LeZai-Prefix.pch";
				INFOPLIST_FILE = "LeZai/LeZai-Info.plist";
				IPHONEOS_DEPLOYMENT_TARGET = 6.0;
				LIBRARY_SEARCH_PATHS = (
					"$(inherited)",
					"$(PROJECT_DIR)/LeZai/JPush",
				);
				PRODUCT_NAME = "$(TARGET_NAME)";
				PROVISIONING_PROFILE = "";
				WRAPPER_EXTENSION = app;
			};
			name = Debug;
		};
		18D4C93D18A5E0E800BFA2EE /* Release */ = {
			isa = XCBuildConfiguration;
			baseConfigurationReference = 312520A3FF274115B97085E4 /* Pods.xcconfig */;
			buildSettings = {
				ASSETCATALOG_COMPILER_APPICON_NAME = AppIcon;
				ASSETCATALOG_COMPILER_LAUNCHIMAGE_NAME = LaunchImage;
				CODE_SIGN_IDENTITY = "iPhone Distribution: li wei (4WTE3VN3UV)";
				"CODE_SIGN_IDENTITY[sdk=iphoneos*]" = "iPhone Distribution: li wei (4WTE3VN3UV)";
				GCC_PRECOMPILE_PREFIX_HEADER = YES;
				GCC_PREFIX_HEADER = "LeZai/LeZai-Prefix.pch";
				INFOPLIST_FILE = "LeZai/LeZai-Info.plist";
				IPHONEOS_DEPLOYMENT_TARGET = 6.0;
				LIBRARY_SEARCH_PATHS = (
					"$(inherited)",
					"$(PROJECT_DIR)/LeZai/JPush",
				);
				PRODUCT_NAME = "$(TARGET_NAME)";
				PROVISIONING_PROFILE = "";
				WRAPPER_EXTENSION = app;
			};
			name = Release;
		};
		18D4C93F18A5E0E800BFA2EE /* Debug */ = {
			isa = XCBuildConfiguration;
			buildSettings = {
				ARCHS = "$(ARCHS_STANDARD_INCLUDING_64_BIT)";
				BUNDLE_LOADER = "$(BUILT_PRODUCTS_DIR)/LeZai.app/LeZai";
				FRAMEWORK_SEARCH_PATHS = (
					"$(SDKROOT)/Developer/Library/Frameworks",
					"$(inherited)",
					"$(DEVELOPER_FRAMEWORKS_DIR)",
				);
				GCC_PRECOMPILE_PREFIX_HEADER = YES;
				GCC_PREFIX_HEADER = "LeZai/LeZai-Prefix.pch";
				GCC_PREPROCESSOR_DEFINITIONS = (
					"DEBUG=1",
					"$(inherited)",
				);
				INFOPLIST_FILE = "LeZaiTests/LeZaiTests-Info.plist";
				PRODUCT_NAME = "$(TARGET_NAME)";
				TEST_HOST = "$(BUNDLE_LOADER)";
				WRAPPER_EXTENSION = xctest;
			};
			name = Debug;
		};
		18D4C94018A5E0E800BFA2EE /* Release */ = {
			isa = XCBuildConfiguration;
			buildSettings = {
				ARCHS = "$(ARCHS_STANDARD_INCLUDING_64_BIT)";
				BUNDLE_LOADER = "$(BUILT_PRODUCTS_DIR)/LeZai.app/LeZai";
				FRAMEWORK_SEARCH_PATHS = (
					"$(SDKROOT)/Developer/Library/Frameworks",
					"$(inherited)",
					"$(DEVELOPER_FRAMEWORKS_DIR)",
				);
				GCC_PRECOMPILE_PREFIX_HEADER = YES;
				GCC_PREFIX_HEADER = "LeZai/LeZai-Prefix.pch";
				INFOPLIST_FILE = "LeZaiTests/LeZaiTests-Info.plist";
				PRODUCT_NAME = "$(TARGET_NAME)";
				TEST_HOST = "$(BUNDLE_LOADER)";
				WRAPPER_EXTENSION = xctest;
			};
			name = Release;
		};
/* End XCBuildConfiguration section */

/* Begin XCConfigurationList section */
		18D4C90A18A5E0E700BFA2EE /* Build configuration list for PBXProject "LeZai" */ = {
			isa = XCConfigurationList;
			buildConfigurations = (
				18D4C93918A5E0E800BFA2EE /* Debug */,
				18D4C93A18A5E0E800BFA2EE /* Release */,
			);
			defaultConfigurationIsVisible = 0;
			defaultConfigurationName = Release;
		};
		18D4C93B18A5E0E800BFA2EE /* Build configuration list for PBXNativeTarget "LeZai" */ = {
			isa = XCConfigurationList;
			buildConfigurations = (
				18D4C93C18A5E0E800BFA2EE /* Debug */,
				18D4C93D18A5E0E800BFA2EE /* Release */,
			);
			defaultConfigurationIsVisible = 0;
			defaultConfigurationName = Release;
		};
		18D4C93E18A5E0E800BFA2EE /* Build configuration list for PBXNativeTarget "LeZaiTests" */ = {
			isa = XCConfigurationList;
			buildConfigurations = (
				18D4C93F18A5E0E800BFA2EE /* Debug */,
				18D4C94018A5E0E800BFA2EE /* Release */,
			);
			defaultConfigurationIsVisible = 0;
			defaultConfigurationName = Release;
		};
/* End XCConfigurationList section */
	};
	rootObject = 18D4C90718A5E0E700BFA2EE /* Project object */;
}
